{
  "name": "Mentora",
  "lockfileVersion": 3,
  "requires": true,
  "packages": {
    "": {
      "dependencies": {
        "@heroicons/react": "^2.1.5",
        "@zegocloud/zego-uikit-prebuilt": "^2.12.1",
        "emoji-picker-react": "^4.12.0",
        "framer-motion": "^11.5.6"
      }
    },
    "node_modules/@heroicons/react": {
      "version": "2.1.5",
      "resolved": "https://registry.npmjs.org/@heroicons/react/-/react-2.1.5.tgz",
      "integrity": "sha512-FuzFN+BsHa+7OxbvAERtgBTNeZpUjgM/MIizfVkSCL2/edriN0Hx/DWRCR//aPYwO5QX/YlgLGXk+E3PcfZwjA==",
      "peerDependencies": {
        "react": ">= 16"
      }
    },
    "node_modules/@zegocloud/zego-uikit-prebuilt": {
      "version": "2.12.1",
      "resolved": "https://registry.npmjs.org/@zegocloud/zego-uikit-prebuilt/-/zego-uikit-prebuilt-2.12.1.tgz",
      "integrity": "sha512-ne9GMLjMTDANTOWGfdrYinIR7hWGnv7Ek3hWjLUGwEu/rdCSqFc9BXQtZcsB4SqfhjeKi0QCbgMNVI/y/NjIww=="
    },
    "node_modules/emoji-picker-react": {
      "version": "4.12.0",
      "resolved": "https://registry.npmjs.org/emoji-picker-react/-/emoji-picker-react-4.12.0.tgz",
      "integrity": "sha512-q2c8UcZH0eRIMj41bj0k1akTjk69tsu+E7EzkW7giN66iltF6H9LQvQvw6ugscsxdC+1lmt3WZpQkkY65J95tg==",
      "license": "MIT",
      "dependencies": {
        "flairup": "1.0.0"
      },
      "engines": {
        "node": ">=10"
      },
      "peerDependencies": {
        "react": ">=16"
      }
    },
    "node_modules/flairup": {
      "version": "1.0.0",
      "resolved": "https://registry.npmjs.org/flairup/-/flairup-1.0.0.tgz",
      "integrity": "sha512-IKlE+pNvL2R+kVL1kEhUYqRxVqeFnjiIvHWDMLFXNaqyUdFXQM2wte44EfMYJNHkW16X991t2Zg8apKkhv7OBA==",
      "license": "MIT"
    },
    "node_modules/framer-motion": {
      "version": "11.5.6",
      "resolved": "https://registry.npmjs.org/framer-motion/-/framer-motion-11.5.6.tgz",
      "integrity": "sha512-JMwUpAxv/DWgul9vPgX0ElKn0G66sUc6O9tOXsYwn3zxwvhxFljSXC0XT2QCzuTYBshwC8nyDAa1SYcV0Ldbhw==",
      "license": "MIT",
      "dependencies": {
        "tslib": "^2.4.0"
      },
      "peerDependencies": {
        "@emotion/is-prop-valid": "*",
        "react": "^18.0.0",
        "react-dom": "^18.0.0"
      },
      "peerDependenciesMeta": {
        "@emotion/is-prop-valid": {
          "optional": true
        },
        "react": {
          "optional": true
        },
        "react-dom": {
          "optional": true
        }
      }
    },
    "node_modules/js-tokens": {
      "version": "4.0.0",
      "resolved": "https://registry.npmjs.org/js-tokens/-/js-tokens-4.0.0.tgz",
      "integrity": "sha512-RdJUflcE3cUzKiMqQgsCu06FPu9UdIJO0beYbPhHN4k6apgJtifcoCtT9bcxOpYBtpD2kCM6Sbzg4CausW/PKQ==",
      "license": "MIT",
      "peer": true
    },
    "node_modules/loose-envify": {
      "version": "1.4.0",
      "resolved": "https://registry.npmjs.org/loose-envify/-/loose-envify-1.4.0.tgz",
      "integrity": "sha512-lyuxPGr/Wfhrlem2CL/UcnUc1zcqKAImBDzukY7Y5F/yQiNdko6+fRLevlw1HgMySw7f611UIY408EtxRSoK3Q==",
      "license": "MIT",
      "peer": true,
      "dependencies": {
        "js-tokens": "^3.0.0 || ^4.0.0"
      },
      "bin": {
        "loose-envify": "cli.js"
      }
    },
    "node_modules/react": {
      "version": "18.3.1",
      "resolved": "https://registry.npmjs.org/react/-/react-18.3.1.tgz",
      "integrity": "sha512-wS+hAgJShR0KhEvPJArfuPVN1+Hz1t0Y6n5jLrGQbkb4urgPE/0Rve+1kMB1v/oWgHgm4WIcV+i7F2pTVj+2iQ==",
      "license": "MIT",
      "peer": true,
      "dependencies": {
        "loose-envify": "^1.1.0"
      },
      "engines": {
        "node": ">=0.10.0"
      }
    },
    "node_modules/tslib": {
      "version": "2.7.0",
      "resolved": "https://registry.npmjs.org/tslib/-/tslib-2.7.0.tgz",
      "integrity": "sha512-gLXCKdN1/j47AiHiOkJN69hJmcbGTHI0ImLmbYLHykhgeN0jVGola9yVjFgzCUklsZQMW55o+dW7IXv3RCXDzA==",
      "license": "0BSD"
    }
  }
}
